
Microsoft Visual Studio Solution File, Format Version 12.00
# Visual Studio Version 16
VisualStudioVersion = 16.0.31025.194
MinimumVisualStudioVersion = 10.0.40219.1
Project("{9A19103F-16F7-4668-BE54-9A1E7A4F7556}") = "Resqu.API", "Resqu.API\Resqu.API.csproj", "{413903B0-6249-42E3-AA29-E27C1DAF4575}"
EndProject
Project("{9A19103F-16F7-4668-BE54-9A1E7A4F7556}") = "Resqu.Infrastructure", "Resqu.Infrastructure\Resqu.Infrastructure.csproj", "{147C1D09-0DC2-45C5-95CD-FBD10D520442}"
EndProject
Project("{9A19103F-16F7-4668-BE54-9A1E7A4F7556}") = "Resqu.Core", "Resqu.Core\Resqu.Core.csproj", "{211A8885-367B-4213-BBC7-9AA3C50DDA4A}"
EndProject
Project("{9A19103F-16F7-4668-BE54-9A1E7A4F7556}") = "Resque.Test", "Resque.Test\Resque.Test.csproj", "{316DDBD6-FEA5-4879-8FCC-AECF178353D7}"
EndProject
Project("{FAE04EC0-301F-11D3-BF4B-00C04F79EFBC}") = "Resq.Web", "Resq.Web\Resq.Web.csproj", "{71830346-F4E2-4F09-84C9-36ABA9982229}"
EndProject
Global
	GlobalSection(SolutionConfigurationPlatforms) = preSolution
		Debug|Any CPU = Debug|Any CPU
		Release|Any CPU = Release|Any CPU
	EndGlobalSection
	GlobalSection(ProjectConfigurationPlatforms) = postSolution
		{413903B0-6249-42E3-AA29-E27C1DAF4575}.Debug|Any CPU.ActiveCfg = Debug|Any CPU
		{413903B0-6249-42E3-AA29-E27C1DAF4575}.Debug|Any CPU.Build.0 = Debug|Any CPU
		{413903B0-6249-42E3-AA29-E27C1DAF4575}.Release|Any CPU.ActiveCfg = Release|Any CPU
		{413903B0-6249-42E3-AA29-E27C1DAF4575}.Release|Any CPU.Build.0 = Release|Any CPU
		{147C1D09-0DC2-45C5-95CD-FBD10D520442}.Debug|Any CPU.ActiveCfg = Debug|Any CPU
		{147C1D09-0DC2-45C5-95CD-FBD10D520442}.Debug|Any CPU.Build.0 = Debug|Any CPU
		{147C1D09-0DC2-45C5-95CD-FBD10D520442}.Release|Any CPU.ActiveCfg = Release|Any CPU
		{147C1D09-0DC2-45C5-95CD-FBD10D520442}.Release|Any CPU.Build.0 = Release|Any CPU
		{211A8885-367B-4213-BBC7-9AA3C50DDA4A}.Debug|Any CPU.ActiveCfg = Debug|Any CPU
		{211A8885-367B-4213-BBC7-9AA3C50DDA4A}.Debug|Any CPU.Build.0 = Debug|Any CPU
		{211A8885-367B-4213-BBC7-9AA3C50DDA4A}.Release|Any CPU.ActiveCfg = Release|Any CPU
		{211A8885-367B-4213-BBC7-9AA3C50DDA4A}.Release|Any CPU.Build.0 = Release|Any CPU
		{316DDBD6-FEA5-4879-8FCC-AECF178353D7}.Debug|Any CPU.ActiveCfg = Debug|Any CPU
		{316DDBD6-FEA5-4879-8FCC-AECF178353D7}.Debug|Any CPU.Build.0 = Debug|Any CPU
		{316DDBD6-FEA5-4879-8FCC-AECF178353D7}.Release|Any CPU.ActiveCfg = Release|Any CPU
		{316DDBD6-FEA5-4879-8FCC-AECF178353D7}.Release|Any CPU.Build.0 = Release|Any CPU
		{71830346-F4E2-4F09-84C9-36ABA9982229}.Debug|Any CPU.ActiveCfg = Debug|Any CPU
		{71830346-F4E2-4F09-84C9-36ABA9982229}.Debug|Any CPU.Build.0 = Debug|Any CPU
		{71830346-F4E2-4F09-84C9-36ABA9982229}.Release|Any CPU.ActiveCfg = Release|Any CPU
		{71830346-F4E2-4F09-84C9-36ABA9982229}.Release|Any CPU.Build.0 = Release|Any CPU
	EndGlobalSection
	GlobalSection(SolutionProperties) = preSolution
		HideSolutionNode = FALSE
	EndGlobalSection
	GlobalSection(ExtensibilityGlobals) = postSolution
		SolutionGuid = {9CA7BCB5-0580-4023-A793-19EB637D81A8}
	EndGlobalSection
EndGlobal
